
Microsoft Visual Studio Solution File, Format Version 12.00
# Visual Studio 15
VisualStudioVersion = 15.0.28307.271
MinimumVisualStudioVersion = 10.0.40219.1
Project("{8BC9CEB8-8B4A-11D0-8D11-00A0C91BC942}") = "Voronoi-Visual", "Voronoi-Visual\Voronoi-Visual.vcxproj", "{B506ADE8-75E9-448D-9134-50265DB49D4A}"
EndProject
Global
	GlobalSection(SolutionConfigurationPlatforms) = preSolution
		Debug|x64 = Debug|x64
		Debug|x86 = Debug|x86
		Release|x64 = Release|x64
		Release|x86 = Release|x86
	EndGlobalSection
	GlobalSection(ProjectConfigurationPlatforms) = postSolution
		{B506ADE8-75E9-448D-9134-50265DB49D4A}.Debug|x64.ActiveCfg = Debug|x64
		{B506ADE8-75E9-448D-9134-50265DB49D4A}.Debug|x64.Build.0 = Debug|x64
		{B506ADE8-75E9-448D-9134-50265DB49D4A}.Debug|x86.ActiveCfg = Debug|Win32
		{B506ADE8-75E9-448D-9134-50265DB49D4A}.Debug|x86.Build.0 = Debug|Win32
		{B506ADE8-75E9-448D-9134-50265DB49D4A}.Release|x64.ActiveCfg = Release|x64
		{B506ADE8-75E9-448D-9134-50265DB49D4A}.Release|x64.Build.0 = Release|x64
		{B506ADE8-75E9-448D-9134-50265DB49D4A}.Release|x86.ActiveCfg = Release|Win32
		{B506ADE8-75E9-448D-9134-50265DB49D4A}.Release|x86.Build.0 = Release|Win32
	EndGlobalSection
	GlobalSection(SolutionProperties) = preSolution
		HideSolutionNode = FALSE
	EndGlobalSection
	GlobalSection(ExtensibilityGlobals) = postSolution
		SolutionGuid = {4BA02288-1188-4CF4-BD71-0EC3CDF71422}
	EndGlobalSection
EndGlobal
